
Microsoft Visual Studio Solution File, Format Version 12.00
# Visual Studio Version 16
VisualStudioVersion = 16.0.29920.165
MinimumVisualStudioVersion = 10.0.40219.1
Project("{FAE04EC0-301F-11D3-BF4B-00C04F79EFBC}") = "Test", "Test\Test.csproj", "{33508DC5-6D0A-4246-A24D-0F3096640734}"
EndProject
Global
	GlobalSection(SolutionConfigurationPlatforms) = preSolution
		Debug|Any CPU = Debug|Any CPU
		Release|Any CPU = Release|Any CPU
	EndGlobalSection
	GlobalSection(ProjectConfigurationPlatforms) = postSolution
		{33508DC5-6D0A-4246-A24D-0F3096640734}.Debug|Any CPU.ActiveCfg = Debug|Any CPU
		{33508DC5-6D0A-4246-A24D-0F3096640734}.Debug|Any CPU.Build.0 = Debug|Any CPU
		{33508DC5-6D0A-4246-A24D-0F3096640734}.Release|Any CPU.ActiveCfg = Release|Any CPU
		{33508DC5-6D0A-4246-A24D-0F3096640734}.Release|Any CPU.Build.0 = Release|Any CPU
	EndGlobalSection
	GlobalSection(SolutionProperties) = preSolution
		HideSolutionNode = FALSE
	EndGlobalSection
	GlobalSection(ExtensibilityGlobals) = postSolution
		SolutionGuid = {6C592EC0-0D9A-4A4A-94ED-82A52E70C63A}
	EndGlobalSection
EndGlobal
